{
	"requires": true,
	"lockfileVersion": 1,
	"dependencies": {
		"@types/json-schema": {
			"version": "7.0.7",
			"resolved": "https://registry.npmjs.org/@types/json-schema/-/json-schema-7.0.7.tgz",
			"integrity": "sha512-cxWFQVseBm6O9Gbw1IWb8r6OS4OhSt3hPZLkFApLjM8TEXROBuQGLAH2i2gZpcXdLBIrpXuTDhH7Vbm1iXmNGA=="
		},
		"argparse": {
			"version": "1.0.10",
			"resolved": "https://registry.npmjs.org/argparse/-/argparse-1.0.10.tgz",
			"integrity": "sha512-o5Roy6tNG4SL/FOkCAN6RzjiakZS25RLYFrcMttJqbdd8BWrnA+fGz57iN5Pb06pvBGvl5gQ0B48dJlslXvoTg==",
			"requires": {
				"sprintf-js": "~1.0.2"
			}
		},
		"balanced-match": {
			"version": "1.0.2",
			"resolved": "https://registry.npmjs.org/balanced-match/-/balanced-match-1.0.2.tgz",
			"integrity": "sha512-3oSeUO0TMV67hN1AmbXsK4yaqU7tjiHlbxRDZOpH0KW9+CeX4bRAaX0Anxt0tx2MrpRpWwQaPwIlISEJhYU5Pw=="
		},
		"brace-expansion": {
			"version": "1.1.11",
			"resolved": "https://registry.npmjs.org/brace-expansion/-/brace-expansion-1.1.11.tgz",
			"integrity": "sha512-iCuPHDFgrHX7H2vEI/5xpz07zSHB00TpugqhmYtVmMO6518mCuRMoOYFldEBl0g187ufozdaHgWKcYFb61qGiA==",
			"requires": {
				"balanced-match": "^1.0.0",
				"concat-map": "0.0.1"
			}
		},
		"call-me-maybe": {
			"version": "1.0.1",
			"resolved": "https://registry.npmjs.org/call-me-maybe/-/call-me-maybe-1.0.1.tgz",
			"integrity": "sha1-JtII6onje1y95gJQoV8DHBak1ms="
		},
		"commander": {
			"version": "7.2.0",
			"resolved": "https://registry.npmjs.org/commander/-/commander-7.2.0.tgz",
			"integrity": "sha512-QrWXB+ZQSVPmIWIhtEO9H+gwHaMGYiF5ChvoJ+K9ZGHG/sVsa6yiesAD1GC/x46sET00Xlwo1u49RVVVzvcSkw=="
		},
		"concat-map": {
			"version": "0.0.1",
			"resolved": "https://registry.npmjs.org/concat-map/-/concat-map-0.0.1.tgz",
			"integrity": "sha1-2Klr13/Wjfd5OnMDajug1UBdR3s="
		},
		"drange": {
			"version": "1.1.1",
			"resolved": "https://registry.npmjs.org/drange/-/drange-1.1.1.tgz",
			"integrity": "sha512-pYxfDYpued//QpnLIm4Avk7rsNtAtQkUES2cwAYSvD/wd2pKD71gN2Ebj3e7klzXwjocvE8c5vx/1fxwpqmSxA=="
		},
		"esprima": {
			"version": "4.0.1",
			"resolved": "https://registry.npmjs.org/esprima/-/esprima-4.0.1.tgz",
			"integrity": "sha512-eGuFFw7Upda+g4p+QHvnW0RyTX/SVeJBDM/gCtMARO0cLuT2HcEKnTPvhjV6aGeqrCB/sbNop0Kszm0jsaWU4A=="
		},
		"fast-json-stable-stringify": {
			"version": "2.1.0",
			"resolved": "https://registry.npmjs.org/fast-json-stable-stringify/-/fast-json-stable-stringify-2.1.0.tgz",
			"integrity": "sha512-lhd/wF+Lk98HZoTCtlVraHtfh5XYijIjalXck7saUtuanSDyLMxnHhSXEDJqHxD7msR8D0uCmqlkwjCV8xvwHw=="
		},
		"format-util": {
			"version": "1.0.5",
			"resolved": "https://registry.npmjs.org/format-util/-/format-util-1.0.5.tgz",
			"integrity": "sha512-varLbTj0e0yVyRpqQhuWV+8hlePAgaoFRhNFj50BNjEIrw1/DphHSObtqwskVCPWNgzwPoQrZAbfa/SBiicNeg=="
		},
		"fs.realpath": {
			"version": "1.0.0",
			"resolved": "https://registry.npmjs.org/fs.realpath/-/fs.realpath-1.0.0.tgz",
			"integrity": "sha1-FQStJSMVjKpA20onh8sBQRmU6k8="
		},
		"glob": {
			"version": "7.1.7",
			"resolved": "https://registry.npmjs.org/glob/-/glob-7.1.7.tgz",
			"integrity": "sha512-OvD9ENzPLbegENnYP5UUfJIirTg4+XwMWGaQfQTY0JenxNvvIKP3U3/tAQSPIu/lHxXYSZmpXlUHeqAIdKzBLQ==",
			"requires": {
				"fs.realpath": "^1.0.0",
				"inflight": "^1.0.4",
				"inherits": "2",
				"minimatch": "^3.0.4",
				"once": "^1.3.0",
				"path-is-absolute": "^1.0.0"
			}
		},
		"inflight": {
			"version": "1.0.6",
			"resolved": "https://registry.npmjs.org/inflight/-/inflight-1.0.6.tgz",
			"integrity": "sha1-Sb1jMdfQLQwJvJEKEHW6gWW1bfk=",
			"requires": {
				"once": "^1.3.0",
				"wrappy": "1"
			}
		},
		"inherits": {
			"version": "2.0.4",
			"resolved": "https://registry.npmjs.org/inherits/-/inherits-2.0.4.tgz",
			"integrity": "sha512-k/vGaX4/Yla3WzyMCvTQOXYeIHvqOKtnqBduzTHpzpQZzAskKMhZ2K+EnBiSM9zGSoIFeMpXKxa4dYeZIQqewQ=="
		},
		"js-yaml": {
			"version": "3.14.1",
			"resolved": "https://registry.npmjs.org/js-yaml/-/js-yaml-3.14.1.tgz",
			"integrity": "sha512-okMH7OXXJ7YrN9Ok3/SXrnu4iX9yOk+25nqX4imS2npuvTYDmo/QEZoqwZkYaIDk3jVvBOTOIEgEhaLOynBS9g==",
			"requires": {
				"argparse": "^1.0.7",
				"esprima": "^4.0.0"
			}
		},
		"json-schema-faker": {
			"version": "0.5.0-rcv.34",
			"resolved": "https://registry.npmjs.org/json-schema-faker/-/json-schema-faker-0.5.0-rcv.34.tgz",
			"integrity": "sha512-Q68XN31eg8rtDNZQpW7f3BrOJxdpBFdPRTmvbn3rex0fI7hrQJGyoqEKb2lb5UiUS+sblOwgKq4aPtdzwHph9Q==",
			"requires": {
				"json-schema-ref-parser": "^6.1.0",
				"jsonpath-plus": "^3.0.0",
				"randexp": "^0.5.3"
			}
		},
		"json-schema-ref-parser": {
			"version": "6.1.0",
			"resolved": "https://registry.npmjs.org/json-schema-ref-parser/-/json-schema-ref-parser-6.1.0.tgz",
			"integrity": "sha512-pXe9H1m6IgIpXmE5JSb8epilNTGsmTb2iPohAXpOdhqGFbQjNeHHsZxU+C8w6T81GZxSPFLeUoqDJmzxx5IGuw==",
			"requires": {
				"call-me-maybe": "^1.0.1",
				"js-yaml": "^3.12.1",
				"ono": "^4.0.11"
			}
		},
		"json-stable-stringify": {
			"version": "1.0.1",
			"resolved": "https://registry.npmjs.org/json-stable-stringify/-/json-stable-stringify-1.0.1.tgz",
			"integrity": "sha1-mnWdOcXy/1A/1TAGRu1EX4jE+a8=",
			"requires": {
				"jsonify": "~0.0.0"
			}
		},
		"jsonify": {
			"version": "0.0.0",
			"resolved": "https://registry.npmjs.org/jsonify/-/jsonify-0.0.0.tgz",
			"integrity": "sha1-LHS27kHZPKUbe1qu6PUDYx0lKnM="
		},
		"jsonpath-plus": {
			"version": "3.0.0",
			"resolved": "https://registry.npmjs.org/jsonpath-plus/-/jsonpath-plus-3.0.0.tgz",
			"integrity": "sha512-WQwgWEBgn+SJU1tlDa/GiY5/ngRpa9yrSj8n4BYPHcwoxTDaMEaYCHMOn42hIHHDd3CrUoRr3+HpsK0hCKoxzA=="
		},
		"minimatch": {
			"version": "3.0.4",
			"resolved": "https://registry.npmjs.org/minimatch/-/minimatch-3.0.4.tgz",
			"integrity": "sha512-yJHVQEhyqPLUTgt9B83PXu6W3rx4MvvHvSUvToogpwoGDOUQ+yDrR0HRot+yOCdCO7u4hX3pWft6kWBBcqh0UA==",
			"requires": {
				"brace-expansion": "^1.1.7"
			}
		},
		"once": {
			"version": "1.4.0",
			"resolved": "https://registry.npmjs.org/once/-/once-1.4.0.tgz",
			"integrity": "sha1-WDsap3WWHUsROsF9nFC6753Xa9E=",
			"requires": {
				"wrappy": "1"
			}
		},
		"ono": {
			"version": "4.0.11",
			"resolved": "https://registry.npmjs.org/ono/-/ono-4.0.11.tgz",
			"integrity": "sha512-jQ31cORBFE6td25deYeD80wxKBMj+zBmHTrVxnc6CKhx8gho6ipmWM5zj/oeoqioZ99yqBls9Z/9Nss7J26G2g==",
			"requires": {
				"format-util": "^1.0.3"
			}
		},
		"path-is-absolute": {
			"version": "1.0.1",
			"resolved": "https://registry.npmjs.org/path-is-absolute/-/path-is-absolute-1.0.1.tgz",
			"integrity": "sha1-F0uSaHNVNP+8es5r9TpanhtcX18="
		},
		"randexp": {
			"version": "0.5.3",
			"resolved": "https://registry.npmjs.org/randexp/-/randexp-0.5.3.tgz",
			"integrity": "sha512-U+5l2KrcMNOUPYvazA3h5ekF80FHTUG+87SEAmHZmolh1M+i/WyTCxVzmi+tidIa1tM4BSe8g2Y/D3loWDjj+w==",
			"requires": {
				"drange": "^1.0.2",
				"ret": "^0.2.0"
			}
		},
		"ret": {
			"version": "0.2.2",
			"resolved": "https://registry.npmjs.org/ret/-/ret-0.2.2.tgz",
			"integrity": "sha512-M0b3YWQs7R3Z917WRQy1HHA7Ba7D8hvZg6UE5mLykJxQVE2ju0IXbGlaHPPlkY+WN7wFP+wUMXmBFA0aV6vYGQ=="
		},
		"sprintf-js": {
			"version": "1.0.3",
			"resolved": "https://registry.npmjs.org/sprintf-js/-/sprintf-js-1.0.3.tgz",
			"integrity": "sha1-BOaSb2YolTVPPdAVIDYzuFcpfiw="
		},
		"ts-json-schema-generator": {
			"version": "0.93.0",
			"resolved": "https://registry.npmjs.org/ts-json-schema-generator/-/ts-json-schema-generator-0.93.0.tgz",
			"integrity": "sha512-JYacSIgw4KqsOXF/zRSY4pE/v6jUk7aMDXhwK5MdopN0UeKH58TRZHrQADy9uxTf78jqUfFLzARQKNOb9H+jVQ==",
			"requires": {
				"@types/json-schema": "^7.0.7",
				"commander": "^7.2.0",
				"fast-json-stable-stringify": "^2.1.0",
				"glob": "^7.1.7",
				"json-stable-stringify": "^1.0.1",
				"typescript": "~4.3.2"
			}
		},
		"typescript": {
			"version": "4.3.2",
			"resolved": "https://registry.npmjs.org/typescript/-/typescript-4.3.2.tgz",
			"integrity": "sha512-zZ4hShnmnoVnAHpVHWpTcxdv7dWP60S2FsydQLV8V5PbS3FifjWFFRiHSWpDJahly88PRyV5teTSLoq4eG7mKw=="
		},
		"wrappy": {
			"version": "1.0.2",
			"resolved": "https://registry.npmjs.org/wrappy/-/wrappy-1.0.2.tgz",
			"integrity": "sha1-tSQ9jz7BqjXxNkYFvA0QNuMKtp8="
		}
	}
}
